
Microsoft Visual Studio Solution File, Format Version 12.00
# Visual Studio Version 17
VisualStudioVersion = 17.8.34511.84
MinimumVisualStudioVersion = 10.0.40219.1
Project("{9A19103F-16F7-4668-BE54-9A1E7A4F7556}") = "Calculos", "Calculos.csproj", "{45EB913D-4C5E-4F77-A527-58C2C026F913}"
EndProject
Project("{9A19103F-16F7-4668-BE54-9A1E7A4F7556}") = "Calculos.Test", "..\Calculos.Test\Calculos.Test.csproj", "{331886E3-17A2-4E83-854C-94E67C653337}"
EndProject
Project("{FAE04EC0-301F-11D3-BF4B-00C04F79EFBC}") = "GerenciamentoLivro", "..\GerenciamentoLivro\GerenciamentoLivro.csproj", "{674B1906-ADD2-452A-8298-2473369109A6}"
EndProject
Project("{FAE04EC0-301F-11D3-BF4B-00C04F79EFBC}") = "GerenciamentoLivro.Test", "..\GerenciamentoLivro.Test\GerenciamentoLivro.Test.csproj", "{CCC07A91-7789-4961-9469-BBDD6F860289}"
EndProject
Global
	GlobalSection(SolutionConfigurationPlatforms) = preSolution
		Debug|Any CPU = Debug|Any CPU
		Release|Any CPU = Release|Any CPU
	EndGlobalSection
	GlobalSection(ProjectConfigurationPlatforms) = postSolution
		{45EB913D-4C5E-4F77-A527-58C2C026F913}.Debug|Any CPU.ActiveCfg = Debug|Any CPU
		{45EB913D-4C5E-4F77-A527-58C2C026F913}.Debug|Any CPU.Build.0 = Debug|Any CPU
		{45EB913D-4C5E-4F77-A527-58C2C026F913}.Release|Any CPU.ActiveCfg = Release|Any CPU
		{45EB913D-4C5E-4F77-A527-58C2C026F913}.Release|Any CPU.Build.0 = Release|Any CPU
		{331886E3-17A2-4E83-854C-94E67C653337}.Debug|Any CPU.ActiveCfg = Debug|Any CPU
		{331886E3-17A2-4E83-854C-94E67C653337}.Debug|Any CPU.Build.0 = Debug|Any CPU
		{331886E3-17A2-4E83-854C-94E67C653337}.Release|Any CPU.ActiveCfg = Release|Any CPU
		{331886E3-17A2-4E83-854C-94E67C653337}.Release|Any CPU.Build.0 = Release|Any CPU
		{674B1906-ADD2-452A-8298-2473369109A6}.Debug|Any CPU.ActiveCfg = Debug|Any CPU
		{674B1906-ADD2-452A-8298-2473369109A6}.Debug|Any CPU.Build.0 = Debug|Any CPU
		{674B1906-ADD2-452A-8298-2473369109A6}.Release|Any CPU.ActiveCfg = Release|Any CPU
		{674B1906-ADD2-452A-8298-2473369109A6}.Release|Any CPU.Build.0 = Release|Any CPU
		{CCC07A91-7789-4961-9469-BBDD6F860289}.Debug|Any CPU.ActiveCfg = Debug|Any CPU
		{CCC07A91-7789-4961-9469-BBDD6F860289}.Debug|Any CPU.Build.0 = Debug|Any CPU
		{CCC07A91-7789-4961-9469-BBDD6F860289}.Release|Any CPU.ActiveCfg = Release|Any CPU
		{CCC07A91-7789-4961-9469-BBDD6F860289}.Release|Any CPU.Build.0 = Release|Any CPU
	EndGlobalSection
	GlobalSection(SolutionProperties) = preSolution
		HideSolutionNode = FALSE
	EndGlobalSection
	GlobalSection(ExtensibilityGlobals) = postSolution
		SolutionGuid = {1880E63F-02CF-4452-B20E-533EF661518E}
	EndGlobalSection
EndGlobal
