
Microsoft Visual Studio Solution File, Format Version 12.00
# Visual Studio Version 17
VisualStudioVersion = 17.8.34511.84
MinimumVisualStudioVersion = 10.0.40219.1
Project("{9A19103F-16F7-4668-BE54-9A1E7A4F7556}") = "Calculos", "Calculos.csproj", "{45EB913D-4C5E-4F77-A527-58C2C026F913}"
EndProject
Project("{9A19103F-16F7-4668-BE54-9A1E7A4F7556}") = "Calculos.Test", "..\Calculos.Test\Calculos.Test.csproj", "{331886E3-17A2-4E83-854C-94E67C653337}"
EndProject
Project("{9A19103F-16F7-4668-BE54-9A1E7A4F7556}") = "GerenciamentoLivro", "..\GerenciamentoLivro\GerenciamentoLivro.csproj", "{674B1906-ADD2-452A-8298-2473369109A6}"
EndProject
Project("{9A19103F-16F7-4668-BE54-9A1E7A4F7556}") = "GerenciamentoLivro.Test", "..\GerenciamentoLivro.Test\GerenciamentoLivro.Test.csproj", "{CCC07A91-7789-4961-9469-BBDD6F860289}"
EndProject
Project("{FAE04EC0-301F-11D3-BF4B-00C04F79EFBC}") = "ValidacaoEmail", "..\ValidacaoEmail\ValidacaoEmail.csproj", "{97C4BDF5-4197-4C27-B5C4-F620A1332F4A}"
EndProject
Project("{FAE04EC0-301F-11D3-BF4B-00C04F79EFBC}") = "ValidacaoEmail.Test", "..\ValidacaoEmail.Test\ValidacaoEmail.Test.csproj", "{AF4072D1-98A8-47DF-84BE-01BCD2D4CA23}"
EndProject
Project("{2150E333-8FDC-42A3-9474-1A3956D46DE8}") = "Atividade3", "Atividade3", "{1FC290AD-92D7-4238-A75B-F8CA298C9D8C}"
EndProject
Project("{FAE04EC0-301F-11D3-BF4B-00C04F79EFBC}") = "ConversaoTemperatura", "..\ConversaoTemperatura\ConversaoTemperatura.csproj", "{24E27E09-BA28-4FF3-B66A-B3A3AF86A59C}"
EndProject
Project("{FAE04EC0-301F-11D3-BF4B-00C04F79EFBC}") = "TestConversaoTemperatura", "..\TestConversaoTemperatura\TestConversaoTemperatura.csproj", "{A5434E70-9B7D-4253-A8CE-6B65FABE0D1E}"
EndProject
Project("{2150E333-8FDC-42A3-9474-1A3956D46DE8}") = "Atividade4", "Atividade4", "{1412DF60-30F5-4CEE-BFDA-873A338BDF37}"
EndProject
Project("{2150E333-8FDC-42A3-9474-1A3956D46DE8}") = "Atividade2", "Atividade2", "{E99554C8-3469-4FEF-9622-39279C20131D}"
EndProject
Project("{2150E333-8FDC-42A3-9474-1A3956D46DE8}") = "Atividade1", "Atividade1", "{E796B4F2-3F1C-4C66-9683-DB6F1E0D6DEB}"
EndProject
Project("{FAE04EC0-301F-11D3-BF4B-00C04F79EFBC}") = "ControleInventário", "..\ControleInventário\ControleInventário.csproj", "{9B2177A2-4707-44FD-AE41-A05905F283C2}"
EndProject
Project("{FAE04EC0-301F-11D3-BF4B-00C04F79EFBC}") = "TestControleInventário", "..\TestControleInventário\TestControleInventário.csproj", "{D726FCA2-EA5D-43B0-9C83-CAA3E3793BD4}"
EndProject
Global
	GlobalSection(SolutionConfigurationPlatforms) = preSolution
		Debug|Any CPU = Debug|Any CPU
		Release|Any CPU = Release|Any CPU
	EndGlobalSection
	GlobalSection(ProjectConfigurationPlatforms) = postSolution
		{45EB913D-4C5E-4F77-A527-58C2C026F913}.Debug|Any CPU.ActiveCfg = Debug|Any CPU
		{45EB913D-4C5E-4F77-A527-58C2C026F913}.Debug|Any CPU.Build.0 = Debug|Any CPU
		{45EB913D-4C5E-4F77-A527-58C2C026F913}.Release|Any CPU.ActiveCfg = Release|Any CPU
		{45EB913D-4C5E-4F77-A527-58C2C026F913}.Release|Any CPU.Build.0 = Release|Any CPU
		{331886E3-17A2-4E83-854C-94E67C653337}.Debug|Any CPU.ActiveCfg = Debug|Any CPU
		{331886E3-17A2-4E83-854C-94E67C653337}.Debug|Any CPU.Build.0 = Debug|Any CPU
		{331886E3-17A2-4E83-854C-94E67C653337}.Release|Any CPU.ActiveCfg = Release|Any CPU
		{331886E3-17A2-4E83-854C-94E67C653337}.Release|Any CPU.Build.0 = Release|Any CPU
		{674B1906-ADD2-452A-8298-2473369109A6}.Debug|Any CPU.ActiveCfg = Debug|Any CPU
		{674B1906-ADD2-452A-8298-2473369109A6}.Debug|Any CPU.Build.0 = Debug|Any CPU
		{674B1906-ADD2-452A-8298-2473369109A6}.Release|Any CPU.ActiveCfg = Release|Any CPU
		{674B1906-ADD2-452A-8298-2473369109A6}.Release|Any CPU.Build.0 = Release|Any CPU
		{CCC07A91-7789-4961-9469-BBDD6F860289}.Debug|Any CPU.ActiveCfg = Debug|Any CPU
		{CCC07A91-7789-4961-9469-BBDD6F860289}.Debug|Any CPU.Build.0 = Debug|Any CPU
		{CCC07A91-7789-4961-9469-BBDD6F860289}.Release|Any CPU.ActiveCfg = Release|Any CPU
		{CCC07A91-7789-4961-9469-BBDD6F860289}.Release|Any CPU.Build.0 = Release|Any CPU
		{97C4BDF5-4197-4C27-B5C4-F620A1332F4A}.Debug|Any CPU.ActiveCfg = Debug|Any CPU
		{97C4BDF5-4197-4C27-B5C4-F620A1332F4A}.Debug|Any CPU.Build.0 = Debug|Any CPU
		{97C4BDF5-4197-4C27-B5C4-F620A1332F4A}.Release|Any CPU.ActiveCfg = Release|Any CPU
		{97C4BDF5-4197-4C27-B5C4-F620A1332F4A}.Release|Any CPU.Build.0 = Release|Any CPU
		{AF4072D1-98A8-47DF-84BE-01BCD2D4CA23}.Debug|Any CPU.ActiveCfg = Debug|Any CPU
		{AF4072D1-98A8-47DF-84BE-01BCD2D4CA23}.Debug|Any CPU.Build.0 = Debug|Any CPU
		{AF4072D1-98A8-47DF-84BE-01BCD2D4CA23}.Release|Any CPU.ActiveCfg = Release|Any CPU
		{AF4072D1-98A8-47DF-84BE-01BCD2D4CA23}.Release|Any CPU.Build.0 = Release|Any CPU
		{24E27E09-BA28-4FF3-B66A-B3A3AF86A59C}.Debug|Any CPU.ActiveCfg = Debug|Any CPU
		{24E27E09-BA28-4FF3-B66A-B3A3AF86A59C}.Debug|Any CPU.Build.0 = Debug|Any CPU
		{24E27E09-BA28-4FF3-B66A-B3A3AF86A59C}.Release|Any CPU.ActiveCfg = Release|Any CPU
		{24E27E09-BA28-4FF3-B66A-B3A3AF86A59C}.Release|Any CPU.Build.0 = Release|Any CPU
		{A5434E70-9B7D-4253-A8CE-6B65FABE0D1E}.Debug|Any CPU.ActiveCfg = Debug|Any CPU
		{A5434E70-9B7D-4253-A8CE-6B65FABE0D1E}.Debug|Any CPU.Build.0 = Debug|Any CPU
		{A5434E70-9B7D-4253-A8CE-6B65FABE0D1E}.Release|Any CPU.ActiveCfg = Release|Any CPU
		{A5434E70-9B7D-4253-A8CE-6B65FABE0D1E}.Release|Any CPU.Build.0 = Release|Any CPU
		{9B2177A2-4707-44FD-AE41-A05905F283C2}.Debug|Any CPU.ActiveCfg = Debug|Any CPU
		{9B2177A2-4707-44FD-AE41-A05905F283C2}.Debug|Any CPU.Build.0 = Debug|Any CPU
		{9B2177A2-4707-44FD-AE41-A05905F283C2}.Release|Any CPU.ActiveCfg = Release|Any CPU
		{9B2177A2-4707-44FD-AE41-A05905F283C2}.Release|Any CPU.Build.0 = Release|Any CPU
		{D726FCA2-EA5D-43B0-9C83-CAA3E3793BD4}.Debug|Any CPU.ActiveCfg = Debug|Any CPU
		{D726FCA2-EA5D-43B0-9C83-CAA3E3793BD4}.Debug|Any CPU.Build.0 = Debug|Any CPU
		{D726FCA2-EA5D-43B0-9C83-CAA3E3793BD4}.Release|Any CPU.ActiveCfg = Release|Any CPU
		{D726FCA2-EA5D-43B0-9C83-CAA3E3793BD4}.Release|Any CPU.Build.0 = Release|Any CPU
	EndGlobalSection
	GlobalSection(SolutionProperties) = preSolution
		HideSolutionNode = FALSE
	EndGlobalSection
	GlobalSection(NestedProjects) = preSolution
		{674B1906-ADD2-452A-8298-2473369109A6} = {E796B4F2-3F1C-4C66-9683-DB6F1E0D6DEB}
		{CCC07A91-7789-4961-9469-BBDD6F860289} = {E796B4F2-3F1C-4C66-9683-DB6F1E0D6DEB}
		{97C4BDF5-4197-4C27-B5C4-F620A1332F4A} = {E99554C8-3469-4FEF-9622-39279C20131D}
		{AF4072D1-98A8-47DF-84BE-01BCD2D4CA23} = {E99554C8-3469-4FEF-9622-39279C20131D}
		{24E27E09-BA28-4FF3-B66A-B3A3AF86A59C} = {1FC290AD-92D7-4238-A75B-F8CA298C9D8C}
		{A5434E70-9B7D-4253-A8CE-6B65FABE0D1E} = {1FC290AD-92D7-4238-A75B-F8CA298C9D8C}
		{9B2177A2-4707-44FD-AE41-A05905F283C2} = {1412DF60-30F5-4CEE-BFDA-873A338BDF37}
		{D726FCA2-EA5D-43B0-9C83-CAA3E3793BD4} = {1412DF60-30F5-4CEE-BFDA-873A338BDF37}
	EndGlobalSection
	GlobalSection(ExtensibilityGlobals) = postSolution
		SolutionGuid = {1880E63F-02CF-4452-B20E-533EF661518E}
	EndGlobalSection
EndGlobal
